
Microsoft Visual Studio Solution File, Format Version 12.00
# Visual Studio Version 16
VisualStudioVersion = 16.0.29215.179
MinimumVisualStudioVersion = 10.0.40219.1
Project("{9A19103F-16F7-4668-BE54-9A1E7A4F7556}") = "Singleton", "Singleton\Singleton.csproj", "{CF46642F-9807-45C8-B123-79FA14A3883A}"
EndProject
Project("{9A19103F-16F7-4668-BE54-9A1E7A4F7556}") = "Prototype", "Prototype\Prototype.csproj", "{A3FE67F1-78C8-4C83-AB1B-527DD7D35072}"
EndProject
Project("{9A19103F-16F7-4668-BE54-9A1E7A4F7556}") = "Builder", "Builder\Builder.csproj", "{DB037477-1880-492E-A5D6-8DC1B0B5713B}"
EndProject
Project("{9A19103F-16F7-4668-BE54-9A1E7A4F7556}") = "FactoryMethod", "FactoryMethod\FactoryMethod.csproj", "{E78C6A74-B863-4E92-889D-BE99161F33C3}"
EndProject
Project("{9A19103F-16F7-4668-BE54-9A1E7A4F7556}") = "AbstractFactory", "AbstractFactory\AbstractFactory.csproj", "{BD41134B-52A6-4FBE-AD99-64FFB3B0DC4E}"
EndProject
Project("{9A19103F-16F7-4668-BE54-9A1E7A4F7556}") = "Proxy", "Proxy\Proxy.csproj", "{F3F85B72-226D-4A2F-8891-861496DB4B90}"
EndProject
Project("{9A19103F-16F7-4668-BE54-9A1E7A4F7556}") = "Decorator", "Decorator\Decorator.csproj", "{9BC0651F-6CD6-4637-977D-11B6E6548BE1}"
EndProject
Project("{9A19103F-16F7-4668-BE54-9A1E7A4F7556}") = "Adapter", "Adapter\Adapter.csproj", "{6BD98163-6332-4F01-BC48-B1C25F4BF9EE}"
EndProject
Project("{9A19103F-16F7-4668-BE54-9A1E7A4F7556}") = "Facade", "Facade\Facade.csproj", "{74E90A6E-8C22-470B-B191-703E4C6FC170}"
EndProject
Project("{9A19103F-16F7-4668-BE54-9A1E7A4F7556}") = "Flyweight", "Flyweight\Flyweight.csproj", "{96AFB3EF-EC50-4A2E-B314-F4A2C650974C}"
EndProject
Project("{2150E333-8FDC-42A3-9474-1A3956D46DE8}") = "Solution Items", "Solution Items", "{665EB031-60F4-409C-BCB2-BA22502C0BA7}"
	ProjectSection(SolutionItems) = preProject
		ReadMe.txt = ReadMe.txt
	EndProjectSection
EndProject
Project("{9A19103F-16F7-4668-BE54-9A1E7A4F7556}") = "Composite", "Composite\Composite.csproj", "{74628D22-6D9A-498B-89C7-C3A60C4539BE}"
EndProject
Project("{9A19103F-16F7-4668-BE54-9A1E7A4F7556}") = "Bridge", "Bridge\Bridge.csproj", "{632D2D2A-C32B-4FFC-AEC6-4B67533E3B22}"
EndProject
Project("{9A19103F-16F7-4668-BE54-9A1E7A4F7556}") = "Visitor", "Visitor\Visitor.csproj", "{24DD023F-381A-44A2-9641-857F701BD21B}"
EndProject
Project("{9A19103F-16F7-4668-BE54-9A1E7A4F7556}") = "Observer", "Observer\Observer.csproj", "{D319DF42-B0F3-4ED5-8E1A-55F8FD9A70D8}"
EndProject
Project("{FAE04EC0-301F-11D3-BF4B-00C04F79EFBC}") = "Strategy", "Strategy\Strategy.csproj", "{A444F0BB-04C3-4787-9187-5D24F4351B39}"
EndProject
Project("{FAE04EC0-301F-11D3-BF4B-00C04F79EFBC}") = "TemplateMethod", "TemplateMethod\TemplateMethod.csproj", "{94449574-D12D-4D4C-8EEA-ABBAA7F8547E}"
EndProject
Project("{FAE04EC0-301F-11D3-BF4B-00C04F79EFBC}") = "Command", "Command\Command.csproj", "{54884023-1084-4454-9B37-FE034B2980D9}"
EndProject
Project("{FAE04EC0-301F-11D3-BF4B-00C04F79EFBC}") = "Iterator", "Iterator\Iterator.csproj", "{A4AAEFB5-E339-4791-A740-02C84364AE5D}"
EndProject
Global
	GlobalSection(SolutionConfigurationPlatforms) = preSolution
		Debug|Any CPU = Debug|Any CPU
		Release|Any CPU = Release|Any CPU
	EndGlobalSection
	GlobalSection(ProjectConfigurationPlatforms) = postSolution
		{CF46642F-9807-45C8-B123-79FA14A3883A}.Debug|Any CPU.ActiveCfg = Debug|Any CPU
		{CF46642F-9807-45C8-B123-79FA14A3883A}.Debug|Any CPU.Build.0 = Debug|Any CPU
		{CF46642F-9807-45C8-B123-79FA14A3883A}.Release|Any CPU.ActiveCfg = Release|Any CPU
		{CF46642F-9807-45C8-B123-79FA14A3883A}.Release|Any CPU.Build.0 = Release|Any CPU
		{A3FE67F1-78C8-4C83-AB1B-527DD7D35072}.Debug|Any CPU.ActiveCfg = Debug|Any CPU
		{A3FE67F1-78C8-4C83-AB1B-527DD7D35072}.Debug|Any CPU.Build.0 = Debug|Any CPU
		{A3FE67F1-78C8-4C83-AB1B-527DD7D35072}.Release|Any CPU.ActiveCfg = Release|Any CPU
		{A3FE67F1-78C8-4C83-AB1B-527DD7D35072}.Release|Any CPU.Build.0 = Release|Any CPU
		{DB037477-1880-492E-A5D6-8DC1B0B5713B}.Debug|Any CPU.ActiveCfg = Debug|Any CPU
		{DB037477-1880-492E-A5D6-8DC1B0B5713B}.Debug|Any CPU.Build.0 = Debug|Any CPU
		{DB037477-1880-492E-A5D6-8DC1B0B5713B}.Release|Any CPU.ActiveCfg = Release|Any CPU
		{DB037477-1880-492E-A5D6-8DC1B0B5713B}.Release|Any CPU.Build.0 = Release|Any CPU
		{E78C6A74-B863-4E92-889D-BE99161F33C3}.Debug|Any CPU.ActiveCfg = Debug|Any CPU
		{E78C6A74-B863-4E92-889D-BE99161F33C3}.Debug|Any CPU.Build.0 = Debug|Any CPU
		{E78C6A74-B863-4E92-889D-BE99161F33C3}.Release|Any CPU.ActiveCfg = Release|Any CPU
		{E78C6A74-B863-4E92-889D-BE99161F33C3}.Release|Any CPU.Build.0 = Release|Any CPU
		{BD41134B-52A6-4FBE-AD99-64FFB3B0DC4E}.Debug|Any CPU.ActiveCfg = Debug|Any CPU
		{BD41134B-52A6-4FBE-AD99-64FFB3B0DC4E}.Debug|Any CPU.Build.0 = Debug|Any CPU
		{BD41134B-52A6-4FBE-AD99-64FFB3B0DC4E}.Release|Any CPU.ActiveCfg = Release|Any CPU
		{BD41134B-52A6-4FBE-AD99-64FFB3B0DC4E}.Release|Any CPU.Build.0 = Release|Any CPU
		{F3F85B72-226D-4A2F-8891-861496DB4B90}.Debug|Any CPU.ActiveCfg = Debug|Any CPU
		{F3F85B72-226D-4A2F-8891-861496DB4B90}.Debug|Any CPU.Build.0 = Debug|Any CPU
		{F3F85B72-226D-4A2F-8891-861496DB4B90}.Release|Any CPU.ActiveCfg = Release|Any CPU
		{F3F85B72-226D-4A2F-8891-861496DB4B90}.Release|Any CPU.Build.0 = Release|Any CPU
		{9BC0651F-6CD6-4637-977D-11B6E6548BE1}.Debug|Any CPU.ActiveCfg = Debug|Any CPU
		{9BC0651F-6CD6-4637-977D-11B6E6548BE1}.Debug|Any CPU.Build.0 = Debug|Any CPU
		{9BC0651F-6CD6-4637-977D-11B6E6548BE1}.Release|Any CPU.ActiveCfg = Release|Any CPU
		{9BC0651F-6CD6-4637-977D-11B6E6548BE1}.Release|Any CPU.Build.0 = Release|Any CPU
		{6BD98163-6332-4F01-BC48-B1C25F4BF9EE}.Debug|Any CPU.ActiveCfg = Debug|Any CPU
		{6BD98163-6332-4F01-BC48-B1C25F4BF9EE}.Debug|Any CPU.Build.0 = Debug|Any CPU
		{6BD98163-6332-4F01-BC48-B1C25F4BF9EE}.Release|Any CPU.ActiveCfg = Release|Any CPU
		{6BD98163-6332-4F01-BC48-B1C25F4BF9EE}.Release|Any CPU.Build.0 = Release|Any CPU
		{74E90A6E-8C22-470B-B191-703E4C6FC170}.Debug|Any CPU.ActiveCfg = Debug|Any CPU
		{74E90A6E-8C22-470B-B191-703E4C6FC170}.Debug|Any CPU.Build.0 = Debug|Any CPU
		{74E90A6E-8C22-470B-B191-703E4C6FC170}.Release|Any CPU.ActiveCfg = Release|Any CPU
		{74E90A6E-8C22-470B-B191-703E4C6FC170}.Release|Any CPU.Build.0 = Release|Any CPU
		{96AFB3EF-EC50-4A2E-B314-F4A2C650974C}.Debug|Any CPU.ActiveCfg = Debug|Any CPU
		{96AFB3EF-EC50-4A2E-B314-F4A2C650974C}.Debug|Any CPU.Build.0 = Debug|Any CPU
		{96AFB3EF-EC50-4A2E-B314-F4A2C650974C}.Release|Any CPU.ActiveCfg = Release|Any CPU
		{96AFB3EF-EC50-4A2E-B314-F4A2C650974C}.Release|Any CPU.Build.0 = Release|Any CPU
		{74628D22-6D9A-498B-89C7-C3A60C4539BE}.Debug|Any CPU.ActiveCfg = Debug|Any CPU
		{74628D22-6D9A-498B-89C7-C3A60C4539BE}.Debug|Any CPU.Build.0 = Debug|Any CPU
		{74628D22-6D9A-498B-89C7-C3A60C4539BE}.Release|Any CPU.ActiveCfg = Release|Any CPU
		{74628D22-6D9A-498B-89C7-C3A60C4539BE}.Release|Any CPU.Build.0 = Release|Any CPU
		{632D2D2A-C32B-4FFC-AEC6-4B67533E3B22}.Debug|Any CPU.ActiveCfg = Debug|Any CPU
		{632D2D2A-C32B-4FFC-AEC6-4B67533E3B22}.Debug|Any CPU.Build.0 = Debug|Any CPU
		{632D2D2A-C32B-4FFC-AEC6-4B67533E3B22}.Release|Any CPU.ActiveCfg = Release|Any CPU
		{632D2D2A-C32B-4FFC-AEC6-4B67533E3B22}.Release|Any CPU.Build.0 = Release|Any CPU
		{24DD023F-381A-44A2-9641-857F701BD21B}.Debug|Any CPU.ActiveCfg = Debug|Any CPU
		{24DD023F-381A-44A2-9641-857F701BD21B}.Debug|Any CPU.Build.0 = Debug|Any CPU
		{24DD023F-381A-44A2-9641-857F701BD21B}.Release|Any CPU.ActiveCfg = Release|Any CPU
		{24DD023F-381A-44A2-9641-857F701BD21B}.Release|Any CPU.Build.0 = Release|Any CPU
		{D319DF42-B0F3-4ED5-8E1A-55F8FD9A70D8}.Debug|Any CPU.ActiveCfg = Debug|Any CPU
		{D319DF42-B0F3-4ED5-8E1A-55F8FD9A70D8}.Debug|Any CPU.Build.0 = Debug|Any CPU
		{D319DF42-B0F3-4ED5-8E1A-55F8FD9A70D8}.Release|Any CPU.ActiveCfg = Release|Any CPU
		{D319DF42-B0F3-4ED5-8E1A-55F8FD9A70D8}.Release|Any CPU.Build.0 = Release|Any CPU
		{A444F0BB-04C3-4787-9187-5D24F4351B39}.Debug|Any CPU.ActiveCfg = Debug|Any CPU
		{A444F0BB-04C3-4787-9187-5D24F4351B39}.Debug|Any CPU.Build.0 = Debug|Any CPU
		{A444F0BB-04C3-4787-9187-5D24F4351B39}.Release|Any CPU.ActiveCfg = Release|Any CPU
		{A444F0BB-04C3-4787-9187-5D24F4351B39}.Release|Any CPU.Build.0 = Release|Any CPU
		{94449574-D12D-4D4C-8EEA-ABBAA7F8547E}.Debug|Any CPU.ActiveCfg = Debug|Any CPU
		{94449574-D12D-4D4C-8EEA-ABBAA7F8547E}.Debug|Any CPU.Build.0 = Debug|Any CPU
		{94449574-D12D-4D4C-8EEA-ABBAA7F8547E}.Release|Any CPU.ActiveCfg = Release|Any CPU
		{94449574-D12D-4D4C-8EEA-ABBAA7F8547E}.Release|Any CPU.Build.0 = Release|Any CPU
		{54884023-1084-4454-9B37-FE034B2980D9}.Debug|Any CPU.ActiveCfg = Debug|Any CPU
		{54884023-1084-4454-9B37-FE034B2980D9}.Debug|Any CPU.Build.0 = Debug|Any CPU
		{54884023-1084-4454-9B37-FE034B2980D9}.Release|Any CPU.ActiveCfg = Release|Any CPU
		{54884023-1084-4454-9B37-FE034B2980D9}.Release|Any CPU.Build.0 = Release|Any CPU
		{A4AAEFB5-E339-4791-A740-02C84364AE5D}.Debug|Any CPU.ActiveCfg = Debug|Any CPU
		{A4AAEFB5-E339-4791-A740-02C84364AE5D}.Debug|Any CPU.Build.0 = Debug|Any CPU
		{A4AAEFB5-E339-4791-A740-02C84364AE5D}.Release|Any CPU.ActiveCfg = Release|Any CPU
		{A4AAEFB5-E339-4791-A740-02C84364AE5D}.Release|Any CPU.Build.0 = Release|Any CPU
	EndGlobalSection
	GlobalSection(SolutionProperties) = preSolution
		HideSolutionNode = FALSE
	EndGlobalSection
	GlobalSection(ExtensibilityGlobals) = postSolution
		SolutionGuid = {3EBF5AAD-000D-4B04-A089-A7698D02CA4C}
	EndGlobalSection
EndGlobal
